
Microsoft Visual Studio Solution File, Format Version 12.00
# Visual Studio 15
VisualStudioVersion = 15.0.27004.2002
MinimumVisualStudioVersion = 10.0.40219.1
Project("{FAE04EC0-301F-11D3-BF4B-00C04F79EFBC}") = "TaskItSite", "TaskItSite\TaskItSite.csproj", "{6ECDA32E-B5A7-4476-A690-3E6EA3656521}"
EndProject
Global
	GlobalSection(SolutionConfigurationPlatforms) = preSolution
		Debug|Any CPU = Debug|Any CPU
		Release|Any CPU = Release|Any CPU
	EndGlobalSection
	GlobalSection(ProjectConfigurationPlatforms) = postSolution
		{6ECDA32E-B5A7-4476-A690-3E6EA3656521}.Debug|Any CPU.ActiveCfg = Debug|Any CPU
		{6ECDA32E-B5A7-4476-A690-3E6EA3656521}.Debug|Any CPU.Build.0 = Debug|Any CPU
		{6ECDA32E-B5A7-4476-A690-3E6EA3656521}.Release|Any CPU.ActiveCfg = Release|Any CPU
		{6ECDA32E-B5A7-4476-A690-3E6EA3656521}.Release|Any CPU.Build.0 = Release|Any CPU
	EndGlobalSection
	GlobalSection(SolutionProperties) = preSolution
		HideSolutionNode = FALSE
	EndGlobalSection
	GlobalSection(ExtensibilityGlobals) = postSolution
		SolutionGuid = {A37390A7-6EA2-4974-8B20-86D99255B8A1}
	EndGlobalSection
EndGlobal
